
Microsoft Visual Studio Solution File, Format Version 12.00
# Visual Studio Version 16
VisualStudioVersion = 16.0.29609.76
MinimumVisualStudioVersion = 10.0.40219.1
Project("{FAE04EC0-301F-11D3-BF4B-00C04F79EFBC}") = "KZ_Ingenico_EPI", "KZ_Ingenico_EPI\KZ_Ingenico_EPI.csproj", "{988755EE-41AD-4FEC-A791-006E656CC94D}"
EndProject
Project("{FAE04EC0-301F-11D3-BF4B-00C04F79EFBC}") = "KZ_IgenicoApp", "KZ_IgenicoApp\KZ_IgenicoApp.csproj", "{07B244B2-81EE-4278-B0D3-F50DC41B95FE}"
	ProjectSection(ProjectDependencies) = postProject
		{88F1EF71-C8EA-4F4E-A310-9B4BB334C56B} = {88F1EF71-C8EA-4F4E-A310-9B4BB334C56B}
	EndProjectSection
EndProject
Project("{8BC9CEB8-8B4A-11D0-8D11-00A0C91BC942}") = "KZ_Console_App", "KZ_Console_App\KZ_Console_App.vcxproj", "{12052CAF-E022-4D5E-AF1D-AA5F714F4DD3}"
EndProject
Project("{8BC9CEB8-8B4A-11D0-8D11-00A0C91BC942}") = "KZ_Ingenico_X", "KZ_Ingenico_X\KZ_Ingenico_X.vcxproj", "{88F1EF71-C8EA-4F4E-A310-9B4BB334C56B}"
EndProject
Project("{8BC9CEB8-8B4A-11D0-8D11-00A0C91BC942}") = "ConsoleTests", "ConsoleTests\ConsoleTests.vcxproj", "{EE076406-847D-4DDC-8A31-5429D10F8476}"
EndProject
Project("{FAE04EC0-301F-11D3-BF4B-00C04F79EFBC}") = "KZ_Pos_EPI", "KZ_Pos_EPI\KZ_Pos_EPI.csproj", "{66FEACE3-F9E3-4489-B1DC-584A62AD7225}"
	ProjectSection(ProjectDependencies) = postProject
		{88F1EF71-C8EA-4F4E-A310-9B4BB334C56B} = {88F1EF71-C8EA-4F4E-A310-9B4BB334C56B}
	EndProjectSection
EndProject
Global
	GlobalSection(SolutionConfigurationPlatforms) = preSolution
		Debug|Any CPU = Debug|Any CPU
		Debug|x64 = Debug|x64
		Debug|x86 = Debug|x86
		Release|Any CPU = Release|Any CPU
		Release|x64 = Release|x64
		Release|x86 = Release|x86
	EndGlobalSection
	GlobalSection(ProjectConfigurationPlatforms) = postSolution
		{988755EE-41AD-4FEC-A791-006E656CC94D}.Debug|Any CPU.ActiveCfg = Debug|Any CPU
		{988755EE-41AD-4FEC-A791-006E656CC94D}.Debug|Any CPU.Build.0 = Debug|Any CPU
		{988755EE-41AD-4FEC-A791-006E656CC94D}.Debug|x64.ActiveCfg = Debug|Any CPU
		{988755EE-41AD-4FEC-A791-006E656CC94D}.Debug|x64.Build.0 = Debug|Any CPU
		{988755EE-41AD-4FEC-A791-006E656CC94D}.Debug|x86.ActiveCfg = Debug|x86
		{988755EE-41AD-4FEC-A791-006E656CC94D}.Debug|x86.Build.0 = Debug|x86
		{988755EE-41AD-4FEC-A791-006E656CC94D}.Release|Any CPU.ActiveCfg = Release|Any CPU
		{988755EE-41AD-4FEC-A791-006E656CC94D}.Release|Any CPU.Build.0 = Release|Any CPU
		{988755EE-41AD-4FEC-A791-006E656CC94D}.Release|x64.ActiveCfg = Release|Any CPU
		{988755EE-41AD-4FEC-A791-006E656CC94D}.Release|x64.Build.0 = Release|Any CPU
		{988755EE-41AD-4FEC-A791-006E656CC94D}.Release|x86.ActiveCfg = Release|x86
		{988755EE-41AD-4FEC-A791-006E656CC94D}.Release|x86.Build.0 = Release|x86
		{07B244B2-81EE-4278-B0D3-F50DC41B95FE}.Debug|Any CPU.ActiveCfg = Debug|Any CPU
		{07B244B2-81EE-4278-B0D3-F50DC41B95FE}.Debug|Any CPU.Build.0 = Debug|Any CPU
		{07B244B2-81EE-4278-B0D3-F50DC41B95FE}.Debug|x64.ActiveCfg = Debug|Any CPU
		{07B244B2-81EE-4278-B0D3-F50DC41B95FE}.Debug|x64.Build.0 = Debug|Any CPU
		{07B244B2-81EE-4278-B0D3-F50DC41B95FE}.Debug|x86.ActiveCfg = Debug|x86
		{07B244B2-81EE-4278-B0D3-F50DC41B95FE}.Debug|x86.Build.0 = Debug|x86
		{07B244B2-81EE-4278-B0D3-F50DC41B95FE}.Release|Any CPU.ActiveCfg = Release|Any CPU
		{07B244B2-81EE-4278-B0D3-F50DC41B95FE}.Release|Any CPU.Build.0 = Release|Any CPU
		{07B244B2-81EE-4278-B0D3-F50DC41B95FE}.Release|x64.ActiveCfg = Release|Any CPU
		{07B244B2-81EE-4278-B0D3-F50DC41B95FE}.Release|x64.Build.0 = Release|Any CPU
		{07B244B2-81EE-4278-B0D3-F50DC41B95FE}.Release|x86.ActiveCfg = Release|x86
		{07B244B2-81EE-4278-B0D3-F50DC41B95FE}.Release|x86.Build.0 = Release|x86
		{12052CAF-E022-4D5E-AF1D-AA5F714F4DD3}.Debug|Any CPU.ActiveCfg = Debug|Win32
		{12052CAF-E022-4D5E-AF1D-AA5F714F4DD3}.Debug|Any CPU.Build.0 = Debug|Win32
		{12052CAF-E022-4D5E-AF1D-AA5F714F4DD3}.Debug|x64.ActiveCfg = Debug|Win32
		{12052CAF-E022-4D5E-AF1D-AA5F714F4DD3}.Debug|x64.Build.0 = Debug|Win32
		{12052CAF-E022-4D5E-AF1D-AA5F714F4DD3}.Debug|x86.ActiveCfg = Debug|Win32
		{12052CAF-E022-4D5E-AF1D-AA5F714F4DD3}.Debug|x86.Build.0 = Debug|Win32
		{12052CAF-E022-4D5E-AF1D-AA5F714F4DD3}.Release|Any CPU.ActiveCfg = Release|Win32
		{12052CAF-E022-4D5E-AF1D-AA5F714F4DD3}.Release|x64.ActiveCfg = Release|Win32
		{12052CAF-E022-4D5E-AF1D-AA5F714F4DD3}.Release|x64.Build.0 = Release|Win32
		{12052CAF-E022-4D5E-AF1D-AA5F714F4DD3}.Release|x86.ActiveCfg = Release|Win32
		{12052CAF-E022-4D5E-AF1D-AA5F714F4DD3}.Release|x86.Build.0 = Release|Win32
		{88F1EF71-C8EA-4F4E-A310-9B4BB334C56B}.Debug|Any CPU.ActiveCfg = Debug|Win32
		{88F1EF71-C8EA-4F4E-A310-9B4BB334C56B}.Debug|Any CPU.Build.0 = Debug|Win32
		{88F1EF71-C8EA-4F4E-A310-9B4BB334C56B}.Debug|x64.ActiveCfg = Debug|x64
		{88F1EF71-C8EA-4F4E-A310-9B4BB334C56B}.Debug|x64.Build.0 = Debug|x64
		{88F1EF71-C8EA-4F4E-A310-9B4BB334C56B}.Debug|x86.ActiveCfg = Debug|Win32
		{88F1EF71-C8EA-4F4E-A310-9B4BB334C56B}.Debug|x86.Build.0 = Debug|Win32
		{88F1EF71-C8EA-4F4E-A310-9B4BB334C56B}.Release|Any CPU.ActiveCfg = Release|x64
		{88F1EF71-C8EA-4F4E-A310-9B4BB334C56B}.Release|x64.ActiveCfg = Release|x64
		{88F1EF71-C8EA-4F4E-A310-9B4BB334C56B}.Release|x64.Build.0 = Release|x64
		{88F1EF71-C8EA-4F4E-A310-9B4BB334C56B}.Release|x86.ActiveCfg = Release|Win32
		{88F1EF71-C8EA-4F4E-A310-9B4BB334C56B}.Release|x86.Build.0 = Release|Win32
		{EE076406-847D-4DDC-8A31-5429D10F8476}.Debug|Any CPU.ActiveCfg = Debug|Win32
		{EE076406-847D-4DDC-8A31-5429D10F8476}.Debug|x64.ActiveCfg = Debug|x64
		{EE076406-847D-4DDC-8A31-5429D10F8476}.Debug|x64.Build.0 = Debug|x64
		{EE076406-847D-4DDC-8A31-5429D10F8476}.Debug|x86.ActiveCfg = Debug|Win32
		{EE076406-847D-4DDC-8A31-5429D10F8476}.Debug|x86.Build.0 = Debug|Win32
		{EE076406-847D-4DDC-8A31-5429D10F8476}.Release|Any CPU.ActiveCfg = Release|Win32
		{EE076406-847D-4DDC-8A31-5429D10F8476}.Release|x64.ActiveCfg = Release|Win32
		{EE076406-847D-4DDC-8A31-5429D10F8476}.Release|x64.Build.0 = Release|Win32
		{EE076406-847D-4DDC-8A31-5429D10F8476}.Release|x86.ActiveCfg = Release|Win32
		{EE076406-847D-4DDC-8A31-5429D10F8476}.Release|x86.Build.0 = Release|Win32
		{66FEACE3-F9E3-4489-B1DC-584A62AD7225}.Debug|Any CPU.ActiveCfg = Debug|Any CPU
		{66FEACE3-F9E3-4489-B1DC-584A62AD7225}.Debug|Any CPU.Build.0 = Debug|Any CPU
		{66FEACE3-F9E3-4489-B1DC-584A62AD7225}.Debug|x64.ActiveCfg = Debug|Any CPU
		{66FEACE3-F9E3-4489-B1DC-584A62AD7225}.Debug|x64.Build.0 = Debug|Any CPU
		{66FEACE3-F9E3-4489-B1DC-584A62AD7225}.Debug|x86.ActiveCfg = Debug|Any CPU
		{66FEACE3-F9E3-4489-B1DC-584A62AD7225}.Debug|x86.Build.0 = Debug|Any CPU
		{66FEACE3-F9E3-4489-B1DC-584A62AD7225}.Release|Any CPU.ActiveCfg = Release|Any CPU
		{66FEACE3-F9E3-4489-B1DC-584A62AD7225}.Release|Any CPU.Build.0 = Release|Any CPU
		{66FEACE3-F9E3-4489-B1DC-584A62AD7225}.Release|x64.ActiveCfg = Release|Any CPU
		{66FEACE3-F9E3-4489-B1DC-584A62AD7225}.Release|x64.Build.0 = Release|Any CPU
		{66FEACE3-F9E3-4489-B1DC-584A62AD7225}.Release|x86.ActiveCfg = Release|Any CPU
		{66FEACE3-F9E3-4489-B1DC-584A62AD7225}.Release|x86.Build.0 = Release|Any CPU
	EndGlobalSection
	GlobalSection(SolutionProperties) = preSolution
		HideSolutionNode = FALSE
	EndGlobalSection
	GlobalSection(ExtensibilityGlobals) = postSolution
		SolutionGuid = {BA950BE9-8CC7-4AF2-A63A-FFE299F4C53C}
	EndGlobalSection
EndGlobal
